
Microsoft Visual Studio Solution File, Format Version 12.00
# Visual Studio Version 17
VisualStudioVersion = 17.3.32825.248
MinimumVisualStudioVersion = 10.0.40219.1
Project("{8BC9CEB8-8B4A-11D0-8D11-00A0C91BC942}") = "Beam", "Beam\Beam.vcxproj", "{B3AFA264-7600-47ED-AB95-019A988402C7}"
EndProject
Project("{FAE04EC0-301F-11D3-BF4B-00C04F79EFBC}") = "Collect", "Collect\Collect.csproj", "{25EE9D25-3BB1-4A0A-852E-A2048009320F}"
EndProject
Project("{8BC9CEB8-8B4A-11D0-8D11-00A0C91BC942}") = "BeamCompressed", "BeamCompressed\BeamCompressed.vcxproj", "{E37F1EC8-26A7-4BB4-B2BA-77D992825085}"
EndProject
Project("{FAE04EC0-301F-11D3-BF4B-00C04F79EFBC}") = "HtmlConv", "HtmlConv\HtmlConv.csproj", "{DF061735-C0E2-4C42-A6DF-D19FD3A42FB7}"
EndProject
Project("{8BC9CEB8-8B4A-11D0-8D11-00A0C91BC942}") = "Extend", "Extend\Extend.vcxproj", "{C950825B-0184-4DB9-80D2-3067F29FB92F}"
EndProject
Project("{FAE04EC0-301F-11D3-BF4B-00C04F79EFBC}") = "NestedBeamSearch", "NestedBeamSearch\NestedBeamSearch.csproj", "{F9EE7D71-9286-40CC-8007-1C143A375390}"
EndProject
Project("{FAE04EC0-301F-11D3-BF4B-00C04F79EFBC}") = "ReduceBS", "ReduceBS\ReduceBS.csproj", "{ACC1F0EF-1BC3-4135-B35C-C3E1FE738D9B}"
EndProject
Project("{FAE04EC0-301F-11D3-BF4B-00C04F79EFBC}") = "DetectPattern", "DetectPattern\DetectPattern.csproj", "{674D6D5A-E175-4B43-BB03-281905FBB8CB}"
EndProject
Project("{FAE04EC0-301F-11D3-BF4B-00C04F79EFBC}") = "ExtractRecords", "ExtractRecords\ExtractRecords.csproj", "{8F411870-783B-4582-A803-465125A7D320}"
EndProject
Global
	GlobalSection(SolutionConfigurationPlatforms) = preSolution
		Debug|Any CPU = Debug|Any CPU
		Debug|x64 = Debug|x64
		Debug|x86 = Debug|x86
		Release|Any CPU = Release|Any CPU
		Release|x64 = Release|x64
		Release|x86 = Release|x86
	EndGlobalSection
	GlobalSection(ProjectConfigurationPlatforms) = postSolution
		{B3AFA264-7600-47ED-AB95-019A988402C7}.Debug|Any CPU.ActiveCfg = Debug|Win32
		{B3AFA264-7600-47ED-AB95-019A988402C7}.Debug|x64.ActiveCfg = Debug|x64
		{B3AFA264-7600-47ED-AB95-019A988402C7}.Debug|x64.Build.0 = Debug|x64
		{B3AFA264-7600-47ED-AB95-019A988402C7}.Debug|x86.ActiveCfg = Debug|Win32
		{B3AFA264-7600-47ED-AB95-019A988402C7}.Debug|x86.Build.0 = Debug|Win32
		{B3AFA264-7600-47ED-AB95-019A988402C7}.Release|Any CPU.ActiveCfg = Release|Win32
		{B3AFA264-7600-47ED-AB95-019A988402C7}.Release|x64.ActiveCfg = Release|x64
		{B3AFA264-7600-47ED-AB95-019A988402C7}.Release|x64.Build.0 = Release|x64
		{B3AFA264-7600-47ED-AB95-019A988402C7}.Release|x86.ActiveCfg = Release|Win32
		{B3AFA264-7600-47ED-AB95-019A988402C7}.Release|x86.Build.0 = Release|Win32
		{25EE9D25-3BB1-4A0A-852E-A2048009320F}.Debug|Any CPU.ActiveCfg = Debug|Any CPU
		{25EE9D25-3BB1-4A0A-852E-A2048009320F}.Debug|Any CPU.Build.0 = Debug|Any CPU
		{25EE9D25-3BB1-4A0A-852E-A2048009320F}.Debug|x64.ActiveCfg = Debug|Any CPU
		{25EE9D25-3BB1-4A0A-852E-A2048009320F}.Debug|x64.Build.0 = Debug|Any CPU
		{25EE9D25-3BB1-4A0A-852E-A2048009320F}.Debug|x86.ActiveCfg = Debug|Any CPU
		{25EE9D25-3BB1-4A0A-852E-A2048009320F}.Debug|x86.Build.0 = Debug|Any CPU
		{25EE9D25-3BB1-4A0A-852E-A2048009320F}.Release|Any CPU.ActiveCfg = Release|Any CPU
		{25EE9D25-3BB1-4A0A-852E-A2048009320F}.Release|Any CPU.Build.0 = Release|Any CPU
		{25EE9D25-3BB1-4A0A-852E-A2048009320F}.Release|x64.ActiveCfg = Release|Any CPU
		{25EE9D25-3BB1-4A0A-852E-A2048009320F}.Release|x64.Build.0 = Release|Any CPU
		{25EE9D25-3BB1-4A0A-852E-A2048009320F}.Release|x86.ActiveCfg = Release|Any CPU
		{25EE9D25-3BB1-4A0A-852E-A2048009320F}.Release|x86.Build.0 = Release|Any CPU
		{E37F1EC8-26A7-4BB4-B2BA-77D992825085}.Debug|Any CPU.ActiveCfg = Debug|Win32
		{E37F1EC8-26A7-4BB4-B2BA-77D992825085}.Debug|x64.ActiveCfg = Debug|x64
		{E37F1EC8-26A7-4BB4-B2BA-77D992825085}.Debug|x64.Build.0 = Debug|x64
		{E37F1EC8-26A7-4BB4-B2BA-77D992825085}.Debug|x86.ActiveCfg = Debug|Win32
		{E37F1EC8-26A7-4BB4-B2BA-77D992825085}.Debug|x86.Build.0 = Debug|Win32
		{E37F1EC8-26A7-4BB4-B2BA-77D992825085}.Release|Any CPU.ActiveCfg = Release|Win32
		{E37F1EC8-26A7-4BB4-B2BA-77D992825085}.Release|x64.ActiveCfg = Release|x64
		{E37F1EC8-26A7-4BB4-B2BA-77D992825085}.Release|x64.Build.0 = Release|x64
		{E37F1EC8-26A7-4BB4-B2BA-77D992825085}.Release|x86.ActiveCfg = Release|Win32
		{E37F1EC8-26A7-4BB4-B2BA-77D992825085}.Release|x86.Build.0 = Release|Win32
		{DF061735-C0E2-4C42-A6DF-D19FD3A42FB7}.Debug|Any CPU.ActiveCfg = Debug|Any CPU
		{DF061735-C0E2-4C42-A6DF-D19FD3A42FB7}.Debug|Any CPU.Build.0 = Debug|Any CPU
		{DF061735-C0E2-4C42-A6DF-D19FD3A42FB7}.Debug|x64.ActiveCfg = Debug|Any CPU
		{DF061735-C0E2-4C42-A6DF-D19FD3A42FB7}.Debug|x64.Build.0 = Debug|Any CPU
		{DF061735-C0E2-4C42-A6DF-D19FD3A42FB7}.Debug|x86.ActiveCfg = Debug|Any CPU
		{DF061735-C0E2-4C42-A6DF-D19FD3A42FB7}.Debug|x86.Build.0 = Debug|Any CPU
		{DF061735-C0E2-4C42-A6DF-D19FD3A42FB7}.Release|Any CPU.ActiveCfg = Release|Any CPU
		{DF061735-C0E2-4C42-A6DF-D19FD3A42FB7}.Release|Any CPU.Build.0 = Release|Any CPU
		{DF061735-C0E2-4C42-A6DF-D19FD3A42FB7}.Release|x64.ActiveCfg = Release|Any CPU
		{DF061735-C0E2-4C42-A6DF-D19FD3A42FB7}.Release|x64.Build.0 = Release|Any CPU
		{DF061735-C0E2-4C42-A6DF-D19FD3A42FB7}.Release|x86.ActiveCfg = Release|Any CPU
		{DF061735-C0E2-4C42-A6DF-D19FD3A42FB7}.Release|x86.Build.0 = Release|Any CPU
		{C950825B-0184-4DB9-80D2-3067F29FB92F}.Debug|Any CPU.ActiveCfg = Debug|x64
		{C950825B-0184-4DB9-80D2-3067F29FB92F}.Debug|Any CPU.Build.0 = Debug|x64
		{C950825B-0184-4DB9-80D2-3067F29FB92F}.Debug|x64.ActiveCfg = Debug|x64
		{C950825B-0184-4DB9-80D2-3067F29FB92F}.Debug|x64.Build.0 = Debug|x64
		{C950825B-0184-4DB9-80D2-3067F29FB92F}.Debug|x86.ActiveCfg = Debug|Win32
		{C950825B-0184-4DB9-80D2-3067F29FB92F}.Debug|x86.Build.0 = Debug|Win32
		{C950825B-0184-4DB9-80D2-3067F29FB92F}.Release|Any CPU.ActiveCfg = Release|x64
		{C950825B-0184-4DB9-80D2-3067F29FB92F}.Release|Any CPU.Build.0 = Release|x64
		{C950825B-0184-4DB9-80D2-3067F29FB92F}.Release|x64.ActiveCfg = Release|x64
		{C950825B-0184-4DB9-80D2-3067F29FB92F}.Release|x64.Build.0 = Release|x64
		{C950825B-0184-4DB9-80D2-3067F29FB92F}.Release|x86.ActiveCfg = Release|Win32
		{C950825B-0184-4DB9-80D2-3067F29FB92F}.Release|x86.Build.0 = Release|Win32
		{F9EE7D71-9286-40CC-8007-1C143A375390}.Debug|Any CPU.ActiveCfg = Debug|Any CPU
		{F9EE7D71-9286-40CC-8007-1C143A375390}.Debug|Any CPU.Build.0 = Debug|Any CPU
		{F9EE7D71-9286-40CC-8007-1C143A375390}.Debug|x64.ActiveCfg = Debug|Any CPU
		{F9EE7D71-9286-40CC-8007-1C143A375390}.Debug|x64.Build.0 = Debug|Any CPU
		{F9EE7D71-9286-40CC-8007-1C143A375390}.Debug|x86.ActiveCfg = Debug|Any CPU
		{F9EE7D71-9286-40CC-8007-1C143A375390}.Debug|x86.Build.0 = Debug|Any CPU
		{F9EE7D71-9286-40CC-8007-1C143A375390}.Release|Any CPU.ActiveCfg = Release|Any CPU
		{F9EE7D71-9286-40CC-8007-1C143A375390}.Release|Any CPU.Build.0 = Release|Any CPU
		{F9EE7D71-9286-40CC-8007-1C143A375390}.Release|x64.ActiveCfg = Release|Any CPU
		{F9EE7D71-9286-40CC-8007-1C143A375390}.Release|x64.Build.0 = Release|Any CPU
		{F9EE7D71-9286-40CC-8007-1C143A375390}.Release|x86.ActiveCfg = Release|Any CPU
		{F9EE7D71-9286-40CC-8007-1C143A375390}.Release|x86.Build.0 = Release|Any CPU
		{ACC1F0EF-1BC3-4135-B35C-C3E1FE738D9B}.Debug|Any CPU.ActiveCfg = Debug|Any CPU
		{ACC1F0EF-1BC3-4135-B35C-C3E1FE738D9B}.Debug|Any CPU.Build.0 = Debug|Any CPU
		{ACC1F0EF-1BC3-4135-B35C-C3E1FE738D9B}.Debug|x64.ActiveCfg = Debug|Any CPU
		{ACC1F0EF-1BC3-4135-B35C-C3E1FE738D9B}.Debug|x64.Build.0 = Debug|Any CPU
		{ACC1F0EF-1BC3-4135-B35C-C3E1FE738D9B}.Debug|x86.ActiveCfg = Debug|Any CPU
		{ACC1F0EF-1BC3-4135-B35C-C3E1FE738D9B}.Debug|x86.Build.0 = Debug|Any CPU
		{ACC1F0EF-1BC3-4135-B35C-C3E1FE738D9B}.Release|Any CPU.ActiveCfg = Release|Any CPU
		{ACC1F0EF-1BC3-4135-B35C-C3E1FE738D9B}.Release|Any CPU.Build.0 = Release|Any CPU
		{ACC1F0EF-1BC3-4135-B35C-C3E1FE738D9B}.Release|x64.ActiveCfg = Release|Any CPU
		{ACC1F0EF-1BC3-4135-B35C-C3E1FE738D9B}.Release|x64.Build.0 = Release|Any CPU
		{ACC1F0EF-1BC3-4135-B35C-C3E1FE738D9B}.Release|x86.ActiveCfg = Release|Any CPU
		{ACC1F0EF-1BC3-4135-B35C-C3E1FE738D9B}.Release|x86.Build.0 = Release|Any CPU
		{674D6D5A-E175-4B43-BB03-281905FBB8CB}.Debug|Any CPU.ActiveCfg = Debug|Any CPU
		{674D6D5A-E175-4B43-BB03-281905FBB8CB}.Debug|Any CPU.Build.0 = Debug|Any CPU
		{674D6D5A-E175-4B43-BB03-281905FBB8CB}.Debug|x64.ActiveCfg = Debug|Any CPU
		{674D6D5A-E175-4B43-BB03-281905FBB8CB}.Debug|x64.Build.0 = Debug|Any CPU
		{674D6D5A-E175-4B43-BB03-281905FBB8CB}.Debug|x86.ActiveCfg = Debug|Any CPU
		{674D6D5A-E175-4B43-BB03-281905FBB8CB}.Debug|x86.Build.0 = Debug|Any CPU
		{674D6D5A-E175-4B43-BB03-281905FBB8CB}.Release|Any CPU.ActiveCfg = Release|Any CPU
		{674D6D5A-E175-4B43-BB03-281905FBB8CB}.Release|Any CPU.Build.0 = Release|Any CPU
		{674D6D5A-E175-4B43-BB03-281905FBB8CB}.Release|x64.ActiveCfg = Release|Any CPU
		{674D6D5A-E175-4B43-BB03-281905FBB8CB}.Release|x64.Build.0 = Release|Any CPU
		{674D6D5A-E175-4B43-BB03-281905FBB8CB}.Release|x86.ActiveCfg = Release|Any CPU
		{674D6D5A-E175-4B43-BB03-281905FBB8CB}.Release|x86.Build.0 = Release|Any CPU
		{8F411870-783B-4582-A803-465125A7D320}.Debug|Any CPU.ActiveCfg = Debug|Any CPU
		{8F411870-783B-4582-A803-465125A7D320}.Debug|Any CPU.Build.0 = Debug|Any CPU
		{8F411870-783B-4582-A803-465125A7D320}.Debug|x64.ActiveCfg = Debug|Any CPU
		{8F411870-783B-4582-A803-465125A7D320}.Debug|x64.Build.0 = Debug|Any CPU
		{8F411870-783B-4582-A803-465125A7D320}.Debug|x86.ActiveCfg = Debug|Any CPU
		{8F411870-783B-4582-A803-465125A7D320}.Debug|x86.Build.0 = Debug|Any CPU
		{8F411870-783B-4582-A803-465125A7D320}.Release|Any CPU.ActiveCfg = Release|Any CPU
		{8F411870-783B-4582-A803-465125A7D320}.Release|Any CPU.Build.0 = Release|Any CPU
		{8F411870-783B-4582-A803-465125A7D320}.Release|x64.ActiveCfg = Release|Any CPU
		{8F411870-783B-4582-A803-465125A7D320}.Release|x64.Build.0 = Release|Any CPU
		{8F411870-783B-4582-A803-465125A7D320}.Release|x86.ActiveCfg = Release|Any CPU
		{8F411870-783B-4582-A803-465125A7D320}.Release|x86.Build.0 = Release|Any CPU
	EndGlobalSection
	GlobalSection(SolutionProperties) = preSolution
		HideSolutionNode = FALSE
	EndGlobalSection
	GlobalSection(ExtensibilityGlobals) = postSolution
		SolutionGuid = {E6354224-B08B-42B5-B4E0-CACCB37BB346}
	EndGlobalSection
EndGlobal
